
Microsoft Visual Studio Solution File, Format Version 12.00
# Visual Studio Version 16
VisualStudioVersion = 16.0.30611.23
MinimumVisualStudioVersion = 10.0.40219.1
Project("{FAE04EC0-301F-11D3-BF4B-00C04F79EFBC}") = "ScreenShoter", "ScreenShoter\ScreenShoter.csproj", "{6D27D48C-2172-4FB9-BDB5-71408FBDA1F6}"
EndProject
Project("{54435603-DBB4-11D2-8724-00A0C9A8B90C}") = "Setup", "Setup\Setup.vdproj", "{2DF1D519-9B04-416A-8CDE-8DE1E50C4E45}"
EndProject
Project("{2150E333-8FDC-42A3-9474-1A3956D46DE8}") = "Solution Items", "Solution Items", "{632E5C55-7B30-4AF8-B85B-E26DCD0CC728}"
	ProjectSection(SolutionItems) = preProject
		TODO.txt = TODO.txt
	EndProjectSection
EndProject
Global
	GlobalSection(SolutionConfigurationPlatforms) = preSolution
		Debug|Any CPU = Debug|Any CPU
		Release|Any CPU = Release|Any CPU
	EndGlobalSection
	GlobalSection(ProjectConfigurationPlatforms) = postSolution
		{6D27D48C-2172-4FB9-BDB5-71408FBDA1F6}.Debug|Any CPU.ActiveCfg = Debug|Any CPU
		{6D27D48C-2172-4FB9-BDB5-71408FBDA1F6}.Debug|Any CPU.Build.0 = Debug|Any CPU
		{6D27D48C-2172-4FB9-BDB5-71408FBDA1F6}.Release|Any CPU.ActiveCfg = Release|Any CPU
		{6D27D48C-2172-4FB9-BDB5-71408FBDA1F6}.Release|Any CPU.Build.0 = Release|Any CPU
		{2DF1D519-9B04-416A-8CDE-8DE1E50C4E45}.Debug|Any CPU.ActiveCfg = Debug
		{2DF1D519-9B04-416A-8CDE-8DE1E50C4E45}.Release|Any CPU.ActiveCfg = Release
	EndGlobalSection
	GlobalSection(SolutionProperties) = preSolution
		HideSolutionNode = FALSE
	EndGlobalSection
	GlobalSection(ExtensibilityGlobals) = postSolution
		SolutionGuid = {54AF55B1-729A-47B8-81A3-ECA62F13754F}
	EndGlobalSection
EndGlobal
