
Microsoft Visual Studio Solution File, Format Version 12.00
# Visual Studio Version 16
VisualStudioVersion = 16.0.28516.95
MinimumVisualStudioVersion = 10.0.40219.1
Project("{FAE04EC0-301F-11D3-BF4B-00C04F79EFBC}") = "WpfAppTest1", "WpfAppTest1\WpfAppTest1.csproj", "{F4AE211A-2311-4618-B6B0-716E60F74530}"
EndProject
Global
	GlobalSection(SolutionConfigurationPlatforms) = preSolution
		Debug|Any CPU = Debug|Any CPU
		Release|Any CPU = Release|Any CPU
	EndGlobalSection
	GlobalSection(ProjectConfigurationPlatforms) = postSolution
		{F4AE211A-2311-4618-B6B0-716E60F74530}.Debug|Any CPU.ActiveCfg = Debug|Any CPU
		{F4AE211A-2311-4618-B6B0-716E60F74530}.Debug|Any CPU.Build.0 = Debug|Any CPU
		{F4AE211A-2311-4618-B6B0-716E60F74530}.Release|Any CPU.ActiveCfg = Release|Any CPU
		{F4AE211A-2311-4618-B6B0-716E60F74530}.Release|Any CPU.Build.0 = Release|Any CPU
	EndGlobalSection
	GlobalSection(SolutionProperties) = preSolution
		HideSolutionNode = FALSE
	EndGlobalSection
	GlobalSection(ExtensibilityGlobals) = postSolution
		SolutionGuid = {8D0EFA84-EC5B-42DC-A1A4-6624F379A11E}
	EndGlobalSection
EndGlobal
