
Microsoft Visual Studio Solution File, Format Version 12.00
# Visual Studio 15
VisualStudioVersion = 15.0.28307.572
MinimumVisualStudioVersion = 10.0.40219.1
Project("{FAE04EC0-301F-11D3-BF4B-00C04F79EFBC}") = "WpfApp1", "WpfApp1\WpfApp1.csproj", "{7748D863-04AC-4E58-BA02-4BC79AEC22C9}"
EndProject
Global
	GlobalSection(SolutionConfigurationPlatforms) = preSolution
		Debug|Any CPU = Debug|Any CPU
		Release|Any CPU = Release|Any CPU
	EndGlobalSection
	GlobalSection(ProjectConfigurationPlatforms) = postSolution
		{7748D863-04AC-4E58-BA02-4BC79AEC22C9}.Debug|Any CPU.ActiveCfg = Debug|Any CPU
		{7748D863-04AC-4E58-BA02-4BC79AEC22C9}.Debug|Any CPU.Build.0 = Debug|Any CPU
		{7748D863-04AC-4E58-BA02-4BC79AEC22C9}.Release|Any CPU.ActiveCfg = Release|Any CPU
		{7748D863-04AC-4E58-BA02-4BC79AEC22C9}.Release|Any CPU.Build.0 = Release|Any CPU
	EndGlobalSection
	GlobalSection(SolutionProperties) = preSolution
		HideSolutionNode = FALSE
	EndGlobalSection
	GlobalSection(ExtensibilityGlobals) = postSolution
		SolutionGuid = {A70A8EE8-F9B7-4AEA-8761-E214C7627E73}
	EndGlobalSection
EndGlobal
